// !$*UTF8*$!
{
	archiveVersion = 1;
	classes = {
	};
	objectVersion = 50;
	objects = {

/* Begin PBXBuildFile section */
		C620D60420A235BC00AA3CA1 /* VectorMath.swift in Sources */ = {isa = PBXBuildFile; fileRef = C620D60320A235BC00AA3CA1 /* VectorMath.swift */; };
		C620D60620A236C400AA3CA1 /* gameMusic.mp3 in Resources */ = {isa = PBXBuildFile; fileRef = C620D60520A236C400AA3CA1 /* gameMusic.mp3 */; };
		C64ACBCF20A388C4009155B6 /* GAWRSH!!.mp3 in Resources */ = {isa = PBXBuildFile; fileRef = C64ACBCE20A388C4009155B6 /* GAWRSH!!.mp3 */; };
		C67B4979209B9B4300862411 /* AppDelegate.swift in Sources */ = {isa = PBXBuildFile; fileRef = C67B4978209B9B4300862411 /* AppDelegate.swift */; };
		C67B497D209B9B4300862411 /* Actions.sks in Resources */ = {isa = PBXBuildFile; fileRef = C67B497C209B9B4300862411 /* Actions.sks */; };
		C67B497F209B9B4300862411 /* GameScene.swift in Sources */ = {isa = PBXBuildFile; fileRef = C67B497E209B9B4300862411 /* GameScene.swift */; };
		C67B4981209B9B4300862411 /* GameViewController.swift in Sources */ = {isa = PBXBuildFile; fileRef = C67B4980209B9B4300862411 /* GameViewController.swift */; };
		C67B4984209B9B4300862411 /* Main.storyboard in Resources */ = {isa = PBXBuildFile; fileRef = C67B4982209B9B4300862411 /* Main.storyboard */; };
		C67B4986209B9B4600862411 /* Assets.xcassets in Resources */ = {isa = PBXBuildFile; fileRef = C67B4985209B9B4600862411 /* Assets.xcassets */; };
		C67B4989209B9B4600862411 /* LaunchScreen.storyboard in Resources */ = {isa = PBXBuildFile; fileRef = C67B4987209B9B4600862411 /* LaunchScreen.storyboard */; };
/* End PBXBuildFile section */

/* Begin PBXFileReference section */
		C620D60320A235BC00AA3CA1 /* VectorMath.swift */ = {isa = PBXFileReference; fileEncoding = 4; lastKnownFileType = sourcecode.swift; name = VectorMath.swift; path = ../../../Downloads/NinjaAssets/VectorMath.swift; sourceTree = "<group>"; };
		C620D60520A236C400AA3CA1 /* gameMusic.mp3 */ = {isa = PBXFileReference; lastKnownFileType = audio.mp3; name = gameMusic.mp3; path = ../../../Downloads/gameMusic.mp3; sourceTree = "<group>"; };
		C64ACBCE20A388C4009155B6 /* GAWRSH!!.mp3 */ = {isa = PBXFileReference; lastKnownFileType = audio.mp3; name = "GAWRSH!!.mp3"; path = "../../../Downloads/GAWRSH!!.mp3"; sourceTree = "<group>"; };
		C67B4975209B9B4300862411 /* Bangcraft.app */ = {isa = PBXFileReference; explicitFileType = wrapper.application; includeInIndex = 0; path = Bangcraft.app; sourceTree = BUILT_PRODUCTS_DIR; };
		C67B4978209B9B4300862411 /* AppDelegate.swift */ = {isa = PBXFileReference; lastKnownFileType = sourcecode.swift; path = AppDelegate.swift; sourceTree = "<group>"; };
		C67B497C209B9B4300862411 /* Actions.sks */ = {isa = PBXFileReference; lastKnownFileType = file.sks; path = Actions.sks; sourceTree = "<group>"; };
		C67B497E209B9B4300862411 /* GameScene.swift */ = {isa = PBXFileReference; lastKnownFileType = sourcecode.swift; path = GameScene.swift; sourceTree = "<group>"; };
		C67B4980209B9B4300862411 /* GameViewController.swift */ = {isa = PBXFileReference; lastKnownFileType = sourcecode.swift; path = GameViewController.swift; sourceTree = "<group>"; };
		C67B4983209B9B4300862411 /* Base */ = {isa = PBXFileReference; lastKnownFileType = file.storyboard; name = Base; path = Base.lproj/Main.storyboard; sourceTree = "<group>"; };
		C67B4985209B9B4600862411 /* Assets.xcassets */ = {isa = PBXFileReference; lastKnownFileType = folder.assetcatalog; path = Assets.xcassets; sourceTree = "<group>"; };
		C67B4988209B9B4600862411 /* Base */ = {isa = PBXFileReference; lastKnownFileType = file.storyboard; name = Base; path = Base.lproj/LaunchScreen.storyboard; sourceTree = "<group>"; };
		C67B498A209B9B4600862411 /* Info.plist */ = {isa = PBXFileReference; lastKnownFileType = text.plist.xml; path = Info.plist; sourceTree = "<group>"; };
/* End PBXFileReference section */

/* Begin PBXFrameworksBuildPhase section */
		C67B4972209B9B4300862411 /* Frameworks */ = {
			isa = PBXFrameworksBuildPhase;
			buildActionMask = 2147483647;
			files = (
			);
			runOnlyForDeploymentPostprocessing = 0;
		};
/* End PBXFrameworksBuildPhase section */

/* Begin PBXGroup section */
		C67B496C209B9B4300862411 = {
			isa = PBXGroup;
			children = (
				C67B4977209B9B4300862411 /* Bangcraft */,
				C67B4976209B9B4300862411 /* Products */,
			);
			sourceTree = "<group>";
		};
		C67B4976209B9B4300862411 /* Products */ = {
			isa = PBXGroup;
			children = (
				C67B4975209B9B4300862411 /* Bangcraft.app */,
			);
			name = Products;
			sourceTree = "<group>";
		};
		C67B4977209B9B4300862411 /* Bangcraft */ = {
			isa = PBXGroup;
			children = (
				C67B4978209B9B4300862411 /* AppDelegate.swift */,
				C67B497C209B9B4300862411 /* Actions.sks */,
				C620D60520A236C400AA3CA1 /* gameMusic.mp3 */,
				C64ACBCE20A388C4009155B6 /* GAWRSH!!.mp3 */,
				C67B497E209B9B4300862411 /* GameScene.swift */,
				C620D60320A235BC00AA3CA1 /* VectorMath.swift */,
				C67B4980209B9B4300862411 /* GameViewController.swift */,
				C67B4982209B9B4300862411 /* Main.storyboard */,
				C67B4985209B9B4600862411 /* Assets.xcassets */,
				C67B4987209B9B4600862411 /* LaunchScreen.storyboard */,
				C67B498A209B9B4600862411 /* Info.plist */,
			);
			path = Bangcraft;
			sourceTree = "<group>";
		};
/* End PBXGroup section */

/* Begin PBXNativeTarget section */
		C67B4974209B9B4300862411 /* Bangcraft */ = {
			isa = PBXNativeTarget;
			buildConfigurationList = C67B498D209B9B4600862411 /* Build configuration list for PBXNativeTarget "Bangcraft" */;
			buildPhases = (
				C67B4971209B9B4300862411 /* Sources */,
				C67B4972209B9B4300862411 /* Frameworks */,
				C67B4973209B9B4300862411 /* Resources */,
			);
			buildRules = (
			);
			dependencies = (
			);
			name = Bangcraft;
			productName = Bangcraft;
			productReference = C67B4975209B9B4300862411 /* Bangcraft.app */;
			productType = "com.apple.product-type.application";
		};
/* End PBXNativeTarget section */

/* Begin PBXProject section */
		C67B496D209B9B4300862411 /* Project object */ = {
			isa = PBXProject;
			attributes = {
				LastSwiftUpdateCheck = 0930;
				LastUpgradeCheck = 0930;
				ORGANIZATIONNAME = "Ethan Bang";
				TargetAttributes = {
					C67B4974209B9B4300862411 = {
						CreatedOnToolsVersion = 9.3;
					};
				};
			};
			buildConfigurationList = C67B4970209B9B4300862411 /* Build configuration list for PBXProject "Bangcraft" */;
			compatibilityVersion = "Xcode 9.3";
			developmentRegion = en;
			hasScannedForEncodings = 0;
			knownRegions = (
				en,
				Base,
			);
			mainGroup = C67B496C209B9B4300862411;
			productRefGroup = C67B4976209B9B4300862411 /* Products */;
			projectDirPath = "";
			projectRoot = "";
			targets = (
				C67B4974209B9B4300862411 /* Bangcraft */,
			);
		};
/* End PBXProject section */

/* Begin PBXResourcesBuildPhase section */
		C67B4973209B9B4300862411 /* Resources */ = {
			isa = PBXResourcesBuildPhase;
			buildActionMask = 2147483647;
			files = (
				C67B4984209B9B4300862411 /* Main.storyboard in Resources */,
				C620D60620A236C400AA3CA1 /* gameMusic.mp3 in Resources */,
				C67B4986209B9B4600862411 /* Assets.xcassets in Resources */,
				C67B4989209B9B4600862411 /* LaunchScreen.storyboard in Resources */,
				C64ACBCF20A388C4009155B6 /* GAWRSH!!.mp3 in Resources */,
				C67B497D209B9B4300862411 /* Actions.sks in Resources */,
			);
			runOnlyForDeploymentPostprocessing = 0;
		};
/* End PBXResourcesBuildPhase section */

/* Begin PBXSourcesBuildPhase section */
		C67B4971209B9B4300862411 /* Sources */ = {
			isa = PBXSourcesBuildPhase;
			buildActionMask = 2147483647;
			files = (
				C620D60420A235BC00AA3CA1 /* VectorMath.swift in Sources */,
				C67B497F209B9B4300862411 /* GameScene.swift in Sources */,
				C67B4981209B9B4300862411 /* GameViewController.swift in Sources */,
				C67B4979209B9B4300862411 /* AppDelegate.swift in Sources */,
			);
			runOnlyForDeploymentPostprocessing = 0;
		};
/* End PBXSourcesBuildPhase section */

/* Begin PBXVariantGroup section */
		C67B4982209B9B4300862411 /* Main.storyboard */ = {
			isa = PBXVariantGroup;
			children = (
				C67B4983209B9B4300862411 /* Base */,
			);
			name = Main.storyboard;
			sourceTree = "<group>";
		};
		C67B4987209B9B4600862411 /* LaunchScreen.storyboard */ = {
			isa = PBXVariantGroup;
			children = (
				C67B4988209B9B4600862411 /* Base */,
			);
			name = LaunchScreen.storyboard;
			sourceTree = "<group>";
		};
/* End PBXVariantGroup section */

/* Begin XCBuildConfiguration section */
		C67B498B209B9B4600862411 /* Debug */ = {
			isa = XCBuildConfiguration;
			buildSettings = {
				ALWAYS_SEARCH_USER_PATHS = NO;
				CLANG_ANALYZER_NONNULL = YES;
				CLANG_ANALYZER_NUMBER_OBJECT_CONVERSION = YES_AGGRESSIVE;
				CLANG_CXX_LANGUAGE_STANDARD = "gnu++14";
				CLANG_CXX_LIBRARY = "libc++";
				CLANG_ENABLE_MODULES = YES;
				CLANG_ENABLE_OBJC_ARC = YES;
				CLANG_ENABLE_OBJC_WEAK = YES;
				CLANG_WARN_BLOCK_CAPTURE_AUTORELEASING = YES;
				CLANG_WARN_BOOL_CONVERSION = YES;
				CLANG_WARN_COMMA = YES;
				CLANG_WARN_CONSTANT_CONVERSION = YES;
				CLANG_WARN_DEPRECATED_OBJC_IMPLEMENTATIONS = YES;
				CLANG_WARN_DIRECT_OBJC_ISA_USAGE = YES_ERROR;
				CLANG_WARN_DOCUMENTATION_COMMENTS = YES;
				CLANG_WARN_EMPTY_BODY = YES;
				CLANG_WARN_ENUM_CONVERSION = YES;
				CLANG_WARN_INFINITE_RECURSION = YES;
				CLANG_WARN_INT_CONVERSION = YES;
				CLANG_WARN_NON_LITERAL_NULL_CONVERSION = YES;
				CLANG_WARN_OBJC_IMPLICIT_RETAIN_SELF = YES;
				CLANG_WARN_OBJC_LITERAL_CONVERSION = YES;
				CLANG_WARN_OBJC_ROOT_CLASS = YES_ERROR;
				CLANG_WARN_RANGE_LOOP_ANALYSIS = YES;
				CLANG_WARN_STRICT_PROTOTYPES = YES;
				CLANG_WARN_SUSPICIOUS_MOVE = YES;
				CLANG_WARN_UNGUARDED_AVAILABILITY = YES_AGGRESSIVE;
				CLANG_WARN_UNREACHABLE_CODE = YES;
				CLANG_WARN__DUPLICATE_METHOD_MATCH = YES;
				CODE_SIGN_IDENTITY = "iPhone Developer";
				COPY_PHASE_STRIP = NO;
				DEBUG_INFORMATION_FORMAT = dwarf;
				ENABLE_STRICT_OBJC_MSGSEND = YES;
				ENABLE_TESTABILITY = YES;
				GCC_C_LANGUAGE_STANDARD = gnu11;
				GCC_DYNAMIC_NO_PIC = NO;
				GCC_NO_COMMON_BLOCKS = YES;
				GCC_OPTIMIZATION_LEVEL = 0;
				GCC_PREPROCESSOR_DEFINITIONS = (
					"DEBUG=1",
					"$(inherited)",
				);
				GCC_WARN_64_TO_32_BIT_CONVERSION = YES;
				GCC_WARN_ABOUT_RETURN_TYPE = YES_ERROR;
				GCC_WARN_UNDECLARED_SELECTOR = YES;
				GCC_WARN_UNINITIALIZED_AUTOS = YES_AGGRESSIVE;
				GCC_WARN_UNUSED_FUNCTION = YES;
				GCC_WARN_UNUSED_VARIABLE = YES;
				IPHONEOS_DEPLOYMENT_TARGET = 11.3;
				MTL_ENABLE_DEBUG_INFO = YES;
				ONLY_ACTIVE_ARCH = YES;
				SDKROOT = iphoneos;
				SWIFT_ACTIVE_COMPILATION_CONDITIONS = DEBUG;
				SWIFT_OPTIMIZATION_LEVEL = "-Onone";
			};
			name = Debug;
		};
		C67B498C209B9B4600862411 /* Release */ = {
			isa = XCBuildConfiguration;
			buildSettings = {
				ALWAYS_SEARCH_USER_PATHS = NO;
				CLANG_ANALYZER_NONNULL = YES;
				CLANG_ANALYZER_NUMBER_OBJECT_CONVERSION = YES_AGGRESSIVE;
				CLANG_CXX_LANGUAGE_STANDARD = "gnu++14";
				CLANG_CXX_LIBRARY = "libc++";
				CLANG_ENABLE_MODULES = YES;
				CLANG_ENABLE_OBJC_ARC = YES;
				CLANG_ENABLE_OBJC_WEAK = YES;
				CLANG_WARN_BLOCK_CAPTURE_AUTORELEASING = YES;
				CLANG_WARN_BOOL_CONVERSION = YES;
				CLANG_WARN_COMMA = YES;
				CLANG_WARN_CONSTANT_CONVERSION = YES;
				CLANG_WARN_DEPRECATED_OBJC_IMPLEMENTATIONS = YES;
				CLANG_WARN_DIRECT_OBJC_ISA_USAGE = YES_ERROR;
				CLANG_WARN_DOCUMENTATION_COMMENTS = YES;
				CLANG_WARN_EMPTY_BODY = YES;
				CLANG_WARN_ENUM_CONVERSION = YES;
				CLANG_WARN_INFINITE_RECURSION = YES;
				CLANG_WARN_INT_CONVERSION = YES;
				CLANG_WARN_NON_LITERAL_NULL_CONVERSION = YES;
				CLANG_WARN_OBJC_IMPLICIT_RETAIN_SELF = YES;
				CLANG_WARN_OBJC_LITERAL_CONVERSION = YES;
				CLANG_WARN_OBJC_ROOT_CLASS = YES_ERROR;
				CLANG_WARN_RANGE_LOOP_ANALYSIS = YES;
				CLANG_WARN_STRICT_PROTOTYPES = YES;
				CLANG_WARN_SUSPICIOUS_MOVE = YES;
				CLANG_WARN_UNGUARDED_AVAILABILITY = YES_AGGRESSIVE;
				CLANG_WARN_UNREACHABLE_CODE = YES;
				CLANG_WARN__DUPLICATE_METHOD_MATCH = YES;
				CODE_SIGN_IDENTITY = "iPhone Developer";
				COPY_PHASE_STRIP = NO;
				DEBUG_INFORMATION_FORMAT = "dwarf-with-dsym";
				ENABLE_NS_ASSERTIONS = NO;
				ENABLE_STRICT_OBJC_MSGSEND = YES;
				GCC_C_LANGUAGE_STANDARD = gnu11;
				GCC_NO_COMMON_BLOCKS = YES;
				GCC_WARN_64_TO_32_BIT_CONVERSION = YES;
				GCC_WARN_ABOUT_RETURN_TYPE = YES_ERROR;
				GCC_WARN_UNDECLARED_SELECTOR = YES;
				GCC_WARN_UNINITIALIZED_AUTOS = YES_AGGRESSIVE;
				GCC_WARN_UNUSED_FUNCTION = YES;
				GCC_WARN_UNUSED_VARIABLE = YES;
				IPHONEOS_DEPLOYMENT_TARGET = 11.3;
				MTL_ENABLE_DEBUG_INFO = NO;
				SDKROOT = iphoneos;
				SWIFT_COMPILATION_MODE = wholemodule;
				SWIFT_OPTIMIZATION_LEVEL = "-O";
				VALIDATE_PRODUCT = YES;
			};
			name = Release;
		};
		C67B498E209B9B4600862411 /* Debug */ = {
			isa = XCBuildConfiguration;
			buildSettings = {
				ASSETCATALOG_COMPILER_APPICON_NAME = AppIcon;
				CODE_SIGN_STYLE = Automatic;
				INFOPLIST_FILE = Bangcraft/Info.plist;
				LD_RUNPATH_SEARCH_PATHS = (
					"$(inherited)",
					"@executable_path/Frameworks",
				);
				PRODUCT_BUNDLE_IDENTIFIER = com.ebang1024.Bangcraft;
				PRODUCT_NAME = "$(TARGET_NAME)";
				SWIFT_VERSION = 4.0;
				TARGETED_DEVICE_FAMILY = "1,2";
			};
			name = Debug;
		};
		C67B498F209B9B4600862411 /* Release */ = {
			isa = XCBuildConfiguration;
			buildSettings = {
				ASSETCATALOG_COMPILER_APPICON_NAME = AppIcon;
				CODE_SIGN_STYLE = Automatic;
				INFOPLIST_FILE = Bangcraft/Info.plist;
				LD_RUNPATH_SEARCH_PATHS = (
					"$(inherited)",
					"@executable_path/Frameworks",
				);
				PRODUCT_BUNDLE_IDENTIFIER = com.ebang1024.Bangcraft;
				PRODUCT_NAME = "$(TARGET_NAME)";
				SWIFT_VERSION = 4.0;
				TARGETED_DEVICE_FAMILY = "1,2";
			};
			name = Release;
		};
/* End XCBuildConfiguration section */

/* Begin XCConfigurationList section */
		C67B4970209B9B4300862411 /* Build configuration list for PBXProject "Bangcraft" */ = {
			isa = XCConfigurationList;
			buildConfigurations = (
				C67B498B209B9B4600862411 /* Debug */,
				C67B498C209B9B4600862411 /* Release */,
			);
			defaultConfigurationIsVisible = 0;
			defaultConfigurationName = Release;
		};
		C67B498D209B9B4600862411 /* Build configuration list for PBXNativeTarget "Bangcraft" */ = {
			isa = XCConfigurationList;
			buildConfigurations = (
				C67B498E209B9B4600862411 /* Debug */,
				C67B498F209B9B4600862411 /* Release */,
			);
			defaultConfigurationIsVisible = 0;
			defaultConfigurationName = Release;
		};
/* End XCConfigurationList section */
	};
	rootObject = C67B496D209B9B4300862411 /* Project object */;
}
